// !$*UTF8*$!
{
	archiveVersion = 1;
	classes = {
	};
	objectVersion = 56;
	objects = {

/* Begin PBXBuildFile section */
		D61EF5262AFC0A6B00A1DB9E /* Apple_FrameworksApp.swift in Sources */ = {isa = PBXBuildFile; fileRef = D61EF5252AFC0A6B00A1DB9E /* Apple_FrameworksApp.swift */; };
		D61EF52A2AFC0A6D00A1DB9E /* Assets.xcassets in Resources */ = {isa = PBXBuildFile; fileRef = D61EF5292AFC0A6D00A1DB9E /* Assets.xcassets */; };
		D61EF52D2AFC0A6D00A1DB9E /* Preview Assets.xcassets in Resources */ = {isa = PBXBuildFile; fileRef = D61EF52C2AFC0A6D00A1DB9E /* Preview Assets.xcassets */; };
		D61EF5342AFC0ACE00A1DB9E /* Framework.swift in Sources */ = {isa = PBXBuildFile; fileRef = D61EF5332AFC0ACE00A1DB9E /* Framework.swift */; };
		D61EF5362AFC0BC100A1DB9E /* FrameworkGridView.swift in Sources */ = {isa = PBXBuildFile; fileRef = D61EF5352AFC0BC100A1DB9E /* FrameworkGridView.swift */; };
		D61EF5382AFC2A2700A1DB9E /* FrameworkDetailView.swift in Sources */ = {isa = PBXBuildFile; fileRef = D61EF5372AFC2A2700A1DB9E /* FrameworkDetailView.swift */; };
		D61EF53A2AFC2C4A00A1DB9E /* AFButton.swift in Sources */ = {isa = PBXBuildFile; fileRef = D61EF5392AFC2C4A00A1DB9E /* AFButton.swift */; };
		D61EF53C2AFC344700A1DB9E /* FrameworkGridViewModel.swift in Sources */ = {isa = PBXBuildFile; fileRef = D61EF53B2AFC344700A1DB9E /* FrameworkGridViewModel.swift */; };
		D61EF53E2AFD88E100A1DB9E /* SafariView.swift in Sources */ = {isa = PBXBuildFile; fileRef = D61EF53D2AFD88E100A1DB9E /* SafariView.swift */; };
		D69E04972B324FA8001FE246 /* FrameworkTitleView.swift in Sources */ = {isa = PBXBuildFile; fileRef = D69E04962B324FA8001FE246 /* FrameworkTitleView.swift */; };
		D69E04992B325028001FE246 /* XDismissButton.swift in Sources */ = {isa = PBXBuildFile; fileRef = D69E04982B325028001FE246 /* XDismissButton.swift */; };
/* End PBXBuildFile section */

/* Begin PBXFileReference section */
		D61EF5222AFC0A6B00A1DB9E /* Apple-Frameworks.app */ = {isa = PBXFileReference; explicitFileType = wrapper.application; includeInIndex = 0; path = "Apple-Frameworks.app"; sourceTree = BUILT_PRODUCTS_DIR; };
		D61EF5252AFC0A6B00A1DB9E /* Apple_FrameworksApp.swift */ = {isa = PBXFileReference; lastKnownFileType = sourcecode.swift; path = Apple_FrameworksApp.swift; sourceTree = "<group>"; };
		D61EF5292AFC0A6D00A1DB9E /* Assets.xcassets */ = {isa = PBXFileReference; lastKnownFileType = folder.assetcatalog; path = Assets.xcassets; sourceTree = "<group>"; };
		D61EF52C2AFC0A6D00A1DB9E /* Preview Assets.xcassets */ = {isa = PBXFileReference; lastKnownFileType = folder.assetcatalog; path = "Preview Assets.xcassets"; sourceTree = "<group>"; };
		D61EF5332AFC0ACE00A1DB9E /* Framework.swift */ = {isa = PBXFileReference; lastKnownFileType = sourcecode.swift; path = Framework.swift; sourceTree = "<group>"; };
		D61EF5352AFC0BC100A1DB9E /* FrameworkGridView.swift */ = {isa = PBXFileReference; lastKnownFileType = sourcecode.swift; path = FrameworkGridView.swift; sourceTree = "<group>"; };
		D61EF5372AFC2A2700A1DB9E /* FrameworkDetailView.swift */ = {isa = PBXFileReference; lastKnownFileType = sourcecode.swift; path = FrameworkDetailView.swift; sourceTree = "<group>"; };
		D61EF5392AFC2C4A00A1DB9E /* AFButton.swift */ = {isa = PBXFileReference; lastKnownFileType = sourcecode.swift; path = AFButton.swift; sourceTree = "<group>"; };
		D61EF53B2AFC344700A1DB9E /* FrameworkGridViewModel.swift */ = {isa = PBXFileReference; lastKnownFileType = sourcecode.swift; path = FrameworkGridViewModel.swift; sourceTree = "<group>"; };
		D61EF53D2AFD88E100A1DB9E /* SafariView.swift */ = {isa = PBXFileReference; lastKnownFileType = sourcecode.swift; path = SafariView.swift; sourceTree = "<group>"; };
		D69E04962B324FA8001FE246 /* FrameworkTitleView.swift */ = {isa = PBXFileReference; lastKnownFileType = sourcecode.swift; path = FrameworkTitleView.swift; sourceTree = "<group>"; };
		D69E04982B325028001FE246 /* XDismissButton.swift */ = {isa = PBXFileReference; lastKnownFileType = sourcecode.swift; path = XDismissButton.swift; sourceTree = "<group>"; };
/* End PBXFileReference section */

/* Begin PBXFrameworksBuildPhase section */
		D61EF51F2AFC0A6B00A1DB9E /* Frameworks */ = {
			isa = PBXFrameworksBuildPhase;
			buildActionMask = 2147483647;
			files = (
			);
			runOnlyForDeploymentPostprocessing = 0;
		};
/* End PBXFrameworksBuildPhase section */

/* Begin PBXGroup section */
		D61EF5192AFC0A6A00A1DB9E = {
			isa = PBXGroup;
			children = (
				D61EF5242AFC0A6B00A1DB9E /* Apple-Frameworks */,
				D61EF5232AFC0A6B00A1DB9E /* Products */,
			);
			sourceTree = "<group>";
		};
		D61EF5232AFC0A6B00A1DB9E /* Products */ = {
			isa = PBXGroup;
			children = (
				D61EF5222AFC0A6B00A1DB9E /* Apple-Frameworks.app */,
			);
			name = Products;
			sourceTree = "<group>";
		};
		D61EF5242AFC0A6B00A1DB9E /* Apple-Frameworks */ = {
			isa = PBXGroup;
			children = (
				D69E04A22B325193001FE246 /* UIKit Components */,
				D69E049F2B32516A001FE246 /* Views */,
				D69E049E2B325155001FE246 /* Model */,
				D69E049A2B325108001FE246 /* Screens */,
				D61EF5252AFC0A6B00A1DB9E /* Apple_FrameworksApp.swift */,
				D61EF5292AFC0A6D00A1DB9E /* Assets.xcassets */,
				D61EF52B2AFC0A6D00A1DB9E /* Preview Content */,
			);
			path = "Apple-Frameworks";
			sourceTree = "<group>";
		};
		D61EF52B2AFC0A6D00A1DB9E /* Preview Content */ = {
			isa = PBXGroup;
			children = (
				D61EF52C2AFC0A6D00A1DB9E /* Preview Assets.xcassets */,
			);
			path = "Preview Content";
			sourceTree = "<group>";
		};
		D69E049A2B325108001FE246 /* Screens */ = {
			isa = PBXGroup;
			children = (
				D69E049C2B32513A001FE246 /* FrameworkDetailView */,
				D69E049B2B325115001FE246 /* FrameworkGridView */,
			);
			path = Screens;
			sourceTree = "<group>";
		};
		D69E049B2B325115001FE246 /* FrameworkGridView */ = {
			isa = PBXGroup;
			children = (
				D61EF5352AFC0BC100A1DB9E /* FrameworkGridView.swift */,
				D61EF53B2AFC344700A1DB9E /* FrameworkGridViewModel.swift */,
			);
			path = FrameworkGridView;
			sourceTree = "<group>";
		};
		D69E049C2B32513A001FE246 /* FrameworkDetailView */ = {
			isa = PBXGroup;
			children = (
				D61EF5372AFC2A2700A1DB9E /* FrameworkDetailView.swift */,
			);
			path = FrameworkDetailView;
			sourceTree = "<group>";
		};
		D69E049E2B325155001FE246 /* Model */ = {
			isa = PBXGroup;
			children = (
				D61EF5332AFC0ACE00A1DB9E /* Framework.swift */,
			);
			path = Model;
			sourceTree = "<group>";
		};
		D69E049F2B32516A001FE246 /* Views */ = {
			isa = PBXGroup;
			children = (
				D69E04A12B325188001FE246 /* View */,
				D69E04A02B325170001FE246 /* Buttons */,
			);
			path = Views;
			sourceTree = "<group>";
		};
		D69E04A02B325170001FE246 /* Buttons */ = {
			isa = PBXGroup;
			children = (
				D61EF5392AFC2C4A00A1DB9E /* AFButton.swift */,
				D69E04982B325028001FE246 /* XDismissButton.swift */,
			);
			path = Buttons;
			sourceTree = "<group>";
		};
		D69E04A12B325188001FE246 /* View */ = {
			isa = PBXGroup;
			children = (
				D69E04962B324FA8001FE246 /* FrameworkTitleView.swift */,
			);
			path = View;
			sourceTree = "<group>";
		};
		D69E04A22B325193001FE246 /* UIKit Components */ = {
			isa = PBXGroup;
			children = (
				D61EF53D2AFD88E100A1DB9E /* SafariView.swift */,
			);
			path = "UIKit Components";
			sourceTree = "<group>";
		};
/* End PBXGroup section */

/* Begin PBXNativeTarget section */
		D61EF5212AFC0A6B00A1DB9E /* Apple-Frameworks */ = {
			isa = PBXNativeTarget;
			buildConfigurationList = D61EF5302AFC0A6D00A1DB9E /* Build configuration list for PBXNativeTarget "Apple-Frameworks" */;
			buildPhases = (
				D61EF51E2AFC0A6B00A1DB9E /* Sources */,
				D61EF51F2AFC0A6B00A1DB9E /* Frameworks */,
				D61EF5202AFC0A6B00A1DB9E /* Resources */,
			);
			buildRules = (
			);
			dependencies = (
			);
			name = "Apple-Frameworks";
			productName = "Apple-Frameworks";
			productReference = D61EF5222AFC0A6B00A1DB9E /* Apple-Frameworks.app */;
			productType = "com.apple.product-type.application";
		};
/* End PBXNativeTarget section */

/* Begin PBXProject section */
		D61EF51A2AFC0A6A00A1DB9E /* Project object */ = {
			isa = PBXProject;
			attributes = {
				BuildIndependentTargetsInParallel = 1;
				LastSwiftUpdateCheck = 1500;
				LastUpgradeCheck = 1500;
				TargetAttributes = {
					D61EF5212AFC0A6B00A1DB9E = {
						CreatedOnToolsVersion = 15.0.1;
					};
				};
			};
			buildConfigurationList = D61EF51D2AFC0A6A00A1DB9E /* Build configuration list for PBXProject "Apple-Frameworks" */;
			compatibilityVersion = "Xcode 14.0";
			developmentRegion = en;
			hasScannedForEncodings = 0;
			knownRegions = (
				en,
				Base,
			);
			mainGroup = D61EF5192AFC0A6A00A1DB9E;
			productRefGroup = D61EF5232AFC0A6B00A1DB9E /* Products */;
			projectDirPath = "";
			projectRoot = "";
			targets = (
				D61EF5212AFC0A6B00A1DB9E /* Apple-Frameworks */,
			);
		};
/* End PBXProject section */

/* Begin PBXResourcesBuildPhase section */
		D61EF5202AFC0A6B00A1DB9E /* Resources */ = {
			isa = PBXResourcesBuildPhase;
			buildActionMask = 2147483647;
			files = (
				D61EF52D2AFC0A6D00A1DB9E /* Preview Assets.xcassets in Resources */,
				D61EF52A2AFC0A6D00A1DB9E /* Assets.xcassets in Resources */,
			);
			runOnlyForDeploymentPostprocessing = 0;
		};
/* End PBXResourcesBuildPhase section */

/* Begin PBXSourcesBuildPhase section */
		D61EF51E2AFC0A6B00A1DB9E /* Sources */ = {
			isa = PBXSourcesBuildPhase;
			buildActionMask = 2147483647;
			files = (
				D61EF5382AFC2A2700A1DB9E /* FrameworkDetailView.swift in Sources */,
				D61EF5362AFC0BC100A1DB9E /* FrameworkGridView.swift in Sources */,
				D69E04992B325028001FE246 /* XDismissButton.swift in Sources */,
				D61EF5342AFC0ACE00A1DB9E /* Framework.swift in Sources */,
				D61EF53A2AFC2C4A00A1DB9E /* AFButton.swift in Sources */,
				D61EF5262AFC0A6B00A1DB9E /* Apple_FrameworksApp.swift in Sources */,
				D61EF53C2AFC344700A1DB9E /* FrameworkGridViewModel.swift in Sources */,
				D69E04972B324FA8001FE246 /* FrameworkTitleView.swift in Sources */,
				D61EF53E2AFD88E100A1DB9E /* SafariView.swift in Sources */,
			);
			runOnlyForDeploymentPostprocessing = 0;
		};
/* End PBXSourcesBuildPhase section */

/* Begin XCBuildConfiguration section */
		D61EF52E2AFC0A6D00A1DB9E /* Debug */ = {
			isa = XCBuildConfiguration;
			buildSettings = {
				ALWAYS_SEARCH_USER_PATHS = NO;
				ASSETCATALOG_COMPILER_GENERATE_SWIFT_ASSET_SYMBOL_EXTENSIONS = YES;
				CLANG_ANALYZER_NONNULL = YES;
				CLANG_ANALYZER_NUMBER_OBJECT_CONVERSION = YES_AGGRESSIVE;
				CLANG_CXX_LANGUAGE_STANDARD = "gnu++20";
				CLANG_ENABLE_MODULES = YES;
				CLANG_ENABLE_OBJC_ARC = YES;
				CLANG_ENABLE_OBJC_WEAK = YES;
				CLANG_WARN_BLOCK_CAPTURE_AUTORELEASING = YES;
				CLANG_WARN_BOOL_CONVERSION = YES;
				CLANG_WARN_COMMA = YES;
				CLANG_WARN_CONSTANT_CONVERSION = YES;
				CLANG_WARN_DEPRECATED_OBJC_IMPLEMENTATIONS = YES;
				CLANG_WARN_DIRECT_OBJC_ISA_USAGE = YES_ERROR;
				CLANG_WARN_DOCUMENTATION_COMMENTS = YES;
				CLANG_WARN_EMPTY_BODY = YES;
				CLANG_WARN_ENUM_CONVERSION = YES;
				CLANG_WARN_INFINITE_RECURSION = YES;
				CLANG_WARN_INT_CONVERSION = YES;
				CLANG_WARN_NON_LITERAL_NULL_CONVERSION = YES;
				CLANG_WARN_OBJC_IMPLICIT_RETAIN_SELF = YES;
				CLANG_WARN_OBJC_LITERAL_CONVERSION = YES;
				CLANG_WARN_OBJC_ROOT_CLASS = YES_ERROR;
				CLANG_WARN_QUOTED_INCLUDE_IN_FRAMEWORK_HEADER = YES;
				CLANG_WARN_RANGE_LOOP_ANALYSIS = YES;
				CLANG_WARN_STRICT_PROTOTYPES = YES;
				CLANG_WARN_SUSPICIOUS_MOVE = YES;
				CLANG_WARN_UNGUARDED_AVAILABILITY = YES_AGGRESSIVE;
				CLANG_WARN_UNREACHABLE_CODE = YES;
				CLANG_WARN__DUPLICATE_METHOD_MATCH = YES;
				COPY_PHASE_STRIP = NO;
				DEBUG_INFORMATION_FORMAT = dwarf;
				ENABLE_STRICT_OBJC_MSGSEND = YES;
				ENABLE_TESTABILITY = YES;
				ENABLE_USER_SCRIPT_SANDBOXING = YES;
				GCC_C_LANGUAGE_STANDARD = gnu17;
				GCC_DYNAMIC_NO_PIC = NO;
				GCC_NO_COMMON_BLOCKS = YES;
				GCC_OPTIMIZATION_LEVEL = 0;
				GCC_PREPROCESSOR_DEFINITIONS = (
					"DEBUG=1",
					"$(inherited)",
				);
				GCC_WARN_64_TO_32_BIT_CONVERSION = YES;
				GCC_WARN_ABOUT_RETURN_TYPE = YES_ERROR;
				GCC_WARN_UNDECLARED_SELECTOR = YES;
				GCC_WARN_UNINITIALIZED_AUTOS = YES_AGGRESSIVE;
				GCC_WARN_UNUSED_FUNCTION = YES;
				GCC_WARN_UNUSED_VARIABLE = YES;
				IPHONEOS_DEPLOYMENT_TARGET = 17.0;
				LOCALIZATION_PREFERS_STRING_CATALOGS = YES;
				MTL_ENABLE_DEBUG_INFO = INCLUDE_SOURCE;
				MTL_FAST_MATH = YES;
				ONLY_ACTIVE_ARCH = YES;
				SDKROOT = iphoneos;
				SWIFT_ACTIVE_COMPILATION_CONDITIONS = "DEBUG $(inherited)";
				SWIFT_OPTIMIZATION_LEVEL = "-Onone";
			};
			name = Debug;
		};
		D61EF52F2AFC0A6D00A1DB9E /* Release */ = {
			isa = XCBuildConfiguration;
			buildSettings = {
				ALWAYS_SEARCH_USER_PATHS = NO;
				ASSETCATALOG_COMPILER_GENERATE_SWIFT_ASSET_SYMBOL_EXTENSIONS = YES;
				CLANG_ANALYZER_NONNULL = YES;
				CLANG_ANALYZER_NUMBER_OBJECT_CONVERSION = YES_AGGRESSIVE;
				CLANG_CXX_LANGUAGE_STANDARD = "gnu++20";
				CLANG_ENABLE_MODULES = YES;
				CLANG_ENABLE_OBJC_ARC = YES;
				CLANG_ENABLE_OBJC_WEAK = YES;
				CLANG_WARN_BLOCK_CAPTURE_AUTORELEASING = YES;
				CLANG_WARN_BOOL_CONVERSION = YES;
				CLANG_WARN_COMMA = YES;
				CLANG_WARN_CONSTANT_CONVERSION = YES;
				CLANG_WARN_DEPRECATED_OBJC_IMPLEMENTATIONS = YES;
				CLANG_WARN_DIRECT_OBJC_ISA_USAGE = YES_ERROR;
				CLANG_WARN_DOCUMENTATION_COMMENTS = YES;
				CLANG_WARN_EMPTY_BODY = YES;
				CLANG_WARN_ENUM_CONVERSION = YES;
				CLANG_WARN_INFINITE_RECURSION = YES;
				CLANG_WARN_INT_CONVERSION = YES;
				CLANG_WARN_NON_LITERAL_NULL_CONVERSION = YES;
				CLANG_WARN_OBJC_IMPLICIT_RETAIN_SELF = YES;
				CLANG_WARN_OBJC_LITERAL_CONVERSION = YES;
				CLANG_WARN_OBJC_ROOT_CLASS = YES_ERROR;
				CLANG_WARN_QUOTED_INCLUDE_IN_FRAMEWORK_HEADER = YES;
				CLANG_WARN_RANGE_LOOP_ANALYSIS = YES;
				CLANG_WARN_STRICT_PROTOTYPES = YES;
				CLANG_WARN_SUSPICIOUS_MOVE = YES;
				CLANG_WARN_UNGUARDED_AVAILABILITY = YES_AGGRESSIVE;
				CLANG_WARN_UNREACHABLE_CODE = YES;
				CLANG_WARN__DUPLICATE_METHOD_MATCH = YES;
				COPY_PHASE_STRIP = NO;
				DEBUG_INFORMATION_FORMAT = "dwarf-with-dsym";
				ENABLE_NS_ASSERTIONS = NO;
				ENABLE_STRICT_OBJC_MSGSEND = YES;
				ENABLE_USER_SCRIPT_SANDBOXING = YES;
				GCC_C_LANGUAGE_STANDARD = gnu17;
				GCC_NO_COMMON_BLOCKS = YES;
				GCC_WARN_64_TO_32_BIT_CONVERSION = YES;
				GCC_WARN_ABOUT_RETURN_TYPE = YES_ERROR;
				GCC_WARN_UNDECLARED_SELECTOR = YES;
				GCC_WARN_UNINITIALIZED_AUTOS = YES_AGGRESSIVE;
				GCC_WARN_UNUSED_FUNCTION = YES;
				GCC_WARN_UNUSED_VARIABLE = YES;
				IPHONEOS_DEPLOYMENT_TARGET = 17.0;
				LOCALIZATION_PREFERS_STRING_CATALOGS = YES;
				MTL_ENABLE_DEBUG_INFO = NO;
				MTL_FAST_MATH = YES;
				SDKROOT = iphoneos;
				SWIFT_COMPILATION_MODE = wholemodule;
				VALIDATE_PRODUCT = YES;
			};
			name = Release;
		};
		D61EF5312AFC0A6D00A1DB9E /* Debug */ = {
			isa = XCBuildConfiguration;
			buildSettings = {
				ASSETCATALOG_COMPILER_APPICON_NAME = AppIcon;
				ASSETCATALOG_COMPILER_GLOBAL_ACCENT_COLOR_NAME = AccentColor;
				CODE_SIGN_STYLE = Automatic;
				CURRENT_PROJECT_VERSION = 1;
				DEVELOPMENT_ASSET_PATHS = "\"Apple-Frameworks/Preview Content\"";
				DEVELOPMENT_TEAM = SJ2AL2WDDA;
				ENABLE_PREVIEWS = YES;
				GENERATE_INFOPLIST_FILE = YES;
				INFOPLIST_KEY_UIApplicationSceneManifest_Generation = YES;
				INFOPLIST_KEY_UIApplicationSupportsIndirectInputEvents = YES;
				INFOPLIST_KEY_UILaunchScreen_Generation = YES;
				INFOPLIST_KEY_UISupportedInterfaceOrientations_iPad = "UIInterfaceOrientationPortrait UIInterfaceOrientationPortraitUpsideDown UIInterfaceOrientationLandscapeLeft UIInterfaceOrientationLandscapeRight";
				INFOPLIST_KEY_UISupportedInterfaceOrientations_iPhone = "UIInterfaceOrientationPortrait UIInterfaceOrientationLandscapeLeft UIInterfaceOrientationLandscapeRight";
				LD_RUNPATH_SEARCH_PATHS = (
					"$(inherited)",
					"@executable_path/Frameworks",
				);
				MARKETING_VERSION = 1.0;
				PRODUCT_BUNDLE_IDENTIFIER = "n-a.Apple-Frameworks";
				PRODUCT_NAME = "$(TARGET_NAME)";
				SWIFT_EMIT_LOC_STRINGS = YES;
				SWIFT_VERSION = 5.0;
				TARGETED_DEVICE_FAMILY = "1,2";
			};
			name = Debug;
		};
		D61EF5322AFC0A6D00A1DB9E /* Release */ = {
			isa = XCBuildConfiguration;
			buildSettings = {
				ASSETCATALOG_COMPILER_APPICON_NAME = AppIcon;
				ASSETCATALOG_COMPILER_GLOBAL_ACCENT_COLOR_NAME = AccentColor;
				CODE_SIGN_STYLE = Automatic;
				CURRENT_PROJECT_VERSION = 1;
				DEVELOPMENT_ASSET_PATHS = "\"Apple-Frameworks/Preview Content\"";
				DEVELOPMENT_TEAM = SJ2AL2WDDA;
				ENABLE_PREVIEWS = YES;
				GENERATE_INFOPLIST_FILE = YES;
				INFOPLIST_KEY_UIApplicationSceneManifest_Generation = YES;
				INFOPLIST_KEY_UIApplicationSupportsIndirectInputEvents = YES;
				INFOPLIST_KEY_UILaunchScreen_Generation = YES;
				INFOPLIST_KEY_UISupportedInterfaceOrientations_iPad = "UIInterfaceOrientationPortrait UIInterfaceOrientationPortraitUpsideDown UIInterfaceOrientationLandscapeLeft UIInterfaceOrientationLandscapeRight";
				INFOPLIST_KEY_UISupportedInterfaceOrientations_iPhone = "UIInterfaceOrientationPortrait UIInterfaceOrientationLandscapeLeft UIInterfaceOrientationLandscapeRight";
				LD_RUNPATH_SEARCH_PATHS = (
					"$(inherited)",
					"@executable_path/Frameworks",
				);
				MARKETING_VERSION = 1.0;
				PRODUCT_BUNDLE_IDENTIFIER = "n-a.Apple-Frameworks";
				PRODUCT_NAME = "$(TARGET_NAME)";
				SWIFT_EMIT_LOC_STRINGS = YES;
				SWIFT_VERSION = 5.0;
				TARGETED_DEVICE_FAMILY = "1,2";
			};
			name = Release;
		};
/* End XCBuildConfiguration section */

/* Begin XCConfigurationList section */
		D61EF51D2AFC0A6A00A1DB9E /* Build configuration list for PBXProject "Apple-Frameworks" */ = {
			isa = XCConfigurationList;
			buildConfigurations = (
				D61EF52E2AFC0A6D00A1DB9E /* Debug */,
				D61EF52F2AFC0A6D00A1DB9E /* Release */,
			);
			defaultConfigurationIsVisible = 0;
			defaultConfigurationName = Release;
		};
		D61EF5302AFC0A6D00A1DB9E /* Build configuration list for PBXNativeTarget "Apple-Frameworks" */ = {
			isa = XCConfigurationList;
			buildConfigurations = (
				D61EF5312AFC0A6D00A1DB9E /* Debug */,
				D61EF5322AFC0A6D00A1DB9E /* Release */,
			);
			defaultConfigurationIsVisible = 0;
			defaultConfigurationName = Release;
		};
/* End XCConfigurationList section */
	};
	rootObject = D61EF51A2AFC0A6A00A1DB9E /* Project object */;
}
